
Microsoft Visual Studio Solution File, Format Version 12.00
# Visual Studio Version 16
VisualStudioVersion = 16.0.31205.134
MinimumVisualStudioVersion = 10.0.40219.1
Project("{9A19103F-16F7-4668-BE54-9A1E7A4F7556}") = "NugetTest", "NugetTest\NugetTest.csproj", "{6453266E-F2E0-49BA-A317-1E6A0366BC00}"
EndProject
Project("{FAE04EC0-301F-11D3-BF4B-00C04F79EFBC}") = "NugetTest.Core", "NugetTest.Console\NugetTest.Core.csproj", "{78AA3F1C-7A50-4F49-80B9-F4AC6AB8BD33}"
EndProject
Global
	GlobalSection(SolutionConfigurationPlatforms) = preSolution
		Debug|Any CPU = Debug|Any CPU
		Release|Any CPU = Release|Any CPU
	EndGlobalSection
	GlobalSection(ProjectConfigurationPlatforms) = postSolution
		{6453266E-F2E0-49BA-A317-1E6A0366BC00}.Debug|Any CPU.ActiveCfg = Debug|Any CPU
		{6453266E-F2E0-49BA-A317-1E6A0366BC00}.Debug|Any CPU.Build.0 = Debug|Any CPU
		{6453266E-F2E0-49BA-A317-1E6A0366BC00}.Release|Any CPU.ActiveCfg = Release|Any CPU
		{6453266E-F2E0-49BA-A317-1E6A0366BC00}.Release|Any CPU.Build.0 = Release|Any CPU
		{78AA3F1C-7A50-4F49-80B9-F4AC6AB8BD33}.Debug|Any CPU.ActiveCfg = Debug|Any CPU
		{78AA3F1C-7A50-4F49-80B9-F4AC6AB8BD33}.Debug|Any CPU.Build.0 = Debug|Any CPU
		{78AA3F1C-7A50-4F49-80B9-F4AC6AB8BD33}.Release|Any CPU.ActiveCfg = Release|Any CPU
		{78AA3F1C-7A50-4F49-80B9-F4AC6AB8BD33}.Release|Any CPU.Build.0 = Release|Any CPU
	EndGlobalSection
	GlobalSection(SolutionProperties) = preSolution
		HideSolutionNode = FALSE
	EndGlobalSection
	GlobalSection(ExtensibilityGlobals) = postSolution
		SolutionGuid = {C8E0065B-0FB9-48FF-964F-BFD2E96B4085}
	EndGlobalSection
EndGlobal
